
Microsoft Visual Studio Solution File, Format Version 12.00
# Visual Studio Version 17
VisualStudioVersion = 17.10.35201.131
MinimumVisualStudioVersion = 10.0.40219.1
Project("{FAE04EC0-301F-11D3-BF4B-00C04F79EFBC}") = "kiota-backend", "kiota-backend.csproj", "{2AF97015-BE62-4B58-A8D2-D11E112E0DB9}"
EndProject
Project("{54A90642-561A-4BB1-A94E-469ADEE60C69}") = "kiota-frontend", "..\kiota-frontend\kiota-frontend.esproj", "{3653B36A-7442-400B-8F9A-74CD73BD57DC}"
EndProject
Global
	GlobalSection(SolutionConfigurationPlatforms) = preSolution
		Debug|Any CPU = Debug|Any CPU
		Release|Any CPU = Release|Any CPU
	EndGlobalSection
	GlobalSection(ProjectConfigurationPlatforms) = postSolution
		{2AF97015-BE62-4B58-A8D2-D11E112E0DB9}.Debug|Any CPU.ActiveCfg = Debug|Any CPU
		{2AF97015-BE62-4B58-A8D2-D11E112E0DB9}.Debug|Any CPU.Build.0 = Debug|Any CPU
		{2AF97015-BE62-4B58-A8D2-D11E112E0DB9}.Release|Any CPU.ActiveCfg = Release|Any CPU
		{2AF97015-BE62-4B58-A8D2-D11E112E0DB9}.Release|Any CPU.Build.0 = Release|Any CPU
		{3653B36A-7442-400B-8F9A-74CD73BD57DC}.Debug|Any CPU.ActiveCfg = Debug|Any CPU
		{3653B36A-7442-400B-8F9A-74CD73BD57DC}.Debug|Any CPU.Build.0 = Debug|Any CPU
		{3653B36A-7442-400B-8F9A-74CD73BD57DC}.Debug|Any CPU.Deploy.0 = Debug|Any CPU
		{3653B36A-7442-400B-8F9A-74CD73BD57DC}.Release|Any CPU.ActiveCfg = Release|Any CPU
		{3653B36A-7442-400B-8F9A-74CD73BD57DC}.Release|Any CPU.Build.0 = Release|Any CPU
		{3653B36A-7442-400B-8F9A-74CD73BD57DC}.Release|Any CPU.Deploy.0 = Release|Any CPU
	EndGlobalSection
	GlobalSection(SolutionProperties) = preSolution
		HideSolutionNode = FALSE
	EndGlobalSection
	GlobalSection(ExtensibilityGlobals) = postSolution
		SolutionGuid = {D5A0D5C2-68FD-418E-8A9F-AA773BD8BADD}
	EndGlobalSection
EndGlobal
